
Microsoft Visual Studio Solution File, Format Version 12.00
# Visual Studio Version 17
VisualStudioVersion = 17.5.33516.290
MinimumVisualStudioVersion = 10.0.40219.1
Project("{2150E333-8FDC-42A3-9474-1A3956D46DE8}") = "Lab1", "Lab1", "{1DE18B74-2648-4665-8488-82E4C4735746}"
EndProject
Project("{8BC9CEB8-8B4A-11D0-8D11-00A0C91BC942}") = "Lab1", "Lab1\Lab1.vcxproj", "{CD7A3780-1602-424C-86C2-7F9A66EC9F83}"
EndProject
Project("{8BC9CEB8-8B4A-11D0-8D11-00A0C91BC942}") = "Lab1_tests", "Lab1_tests\Lab1_tests.vcxproj", "{B7E5667E-F34D-4F25-884D-1D2D13B140DB}"
EndProject
Project("{2150E333-8FDC-42A3-9474-1A3956D46DE8}") = "Lab2", "Lab2", "{77B960D8-3942-4860-8F9B-CE74CC07B0D8}"
EndProject
Project("{8BC9CEB8-8B4A-11D0-8D11-00A0C91BC942}") = "Lab2", "Lab2\Lab2.vcxproj", "{37087674-AD98-4944-A17F-0412DF5B4CBB}"
EndProject
Project("{8BC9CEB8-8B4A-11D0-8D11-00A0C91BC942}") = "Lab2_tests", "Lab2_tests\Lab2_tests.vcxproj", "{F4CBEE49-874C-45D4-888C-7AC75538C3F8}"
EndProject
Project("{2150E333-8FDC-42A3-9474-1A3956D46DE8}") = "Lab3", "Lab3", "{271CEFB8-67EB-4594-A645-742252DCA88E}"
EndProject
Project("{8BC9CEB8-8B4A-11D0-8D11-00A0C91BC942}") = "Lab3_GUI", "Lab3\Lab3.vcxproj", "{6E698366-439D-4F77-8F64-B29F1777780F}"
EndProject
Project("{8BC9CEB8-8B4A-11D0-8D11-00A0C91BC942}") = "Lab3_tests", "Lab3_tests\Lab3_tests.vcxproj", "{C25C3BA4-8CDF-4651-A4F1-F42C67A58F77}"
EndProject
Project("{8BC9CEB8-8B4A-11D0-8D11-00A0C91BC942}") = "Lab3_code", "Lab3_code\Lab3_code.vcxproj", "{1DCC5B65-AE4D-42DA-8730-8A211C7D6649}"
EndProject
Global
	GlobalSection(SolutionConfigurationPlatforms) = preSolution
		Debug|x64 = Debug|x64
		Debug|x86 = Debug|x86
		Release|x64 = Release|x64
		Release|x86 = Release|x86
	EndGlobalSection
	GlobalSection(ProjectConfigurationPlatforms) = postSolution
		{CD7A3780-1602-424C-86C2-7F9A66EC9F83}.Debug|x64.ActiveCfg = Debug|x64
		{CD7A3780-1602-424C-86C2-7F9A66EC9F83}.Debug|x64.Build.0 = Debug|x64
		{CD7A3780-1602-424C-86C2-7F9A66EC9F83}.Debug|x86.ActiveCfg = Debug|Win32
		{CD7A3780-1602-424C-86C2-7F9A66EC9F83}.Debug|x86.Build.0 = Debug|Win32
		{CD7A3780-1602-424C-86C2-7F9A66EC9F83}.Release|x64.ActiveCfg = Release|x64
		{CD7A3780-1602-424C-86C2-7F9A66EC9F83}.Release|x64.Build.0 = Release|x64
		{CD7A3780-1602-424C-86C2-7F9A66EC9F83}.Release|x86.ActiveCfg = Release|Win32
		{CD7A3780-1602-424C-86C2-7F9A66EC9F83}.Release|x86.Build.0 = Release|Win32
		{B7E5667E-F34D-4F25-884D-1D2D13B140DB}.Debug|x64.ActiveCfg = Debug|x64
		{B7E5667E-F34D-4F25-884D-1D2D13B140DB}.Debug|x64.Build.0 = Debug|x64
		{B7E5667E-F34D-4F25-884D-1D2D13B140DB}.Debug|x86.ActiveCfg = Debug|Win32
		{B7E5667E-F34D-4F25-884D-1D2D13B140DB}.Debug|x86.Build.0 = Debug|Win32
		{B7E5667E-F34D-4F25-884D-1D2D13B140DB}.Release|x64.ActiveCfg = Release|x64
		{B7E5667E-F34D-4F25-884D-1D2D13B140DB}.Release|x64.Build.0 = Release|x64
		{B7E5667E-F34D-4F25-884D-1D2D13B140DB}.Release|x86.ActiveCfg = Release|Win32
		{B7E5667E-F34D-4F25-884D-1D2D13B140DB}.Release|x86.Build.0 = Release|Win32
		{37087674-AD98-4944-A17F-0412DF5B4CBB}.Debug|x64.ActiveCfg = Debug|x64
		{37087674-AD98-4944-A17F-0412DF5B4CBB}.Debug|x64.Build.0 = Debug|x64
		{37087674-AD98-4944-A17F-0412DF5B4CBB}.Debug|x86.ActiveCfg = Debug|Win32
		{37087674-AD98-4944-A17F-0412DF5B4CBB}.Debug|x86.Build.0 = Debug|Win32
		{37087674-AD98-4944-A17F-0412DF5B4CBB}.Release|x64.ActiveCfg = Release|x64
		{37087674-AD98-4944-A17F-0412DF5B4CBB}.Release|x64.Build.0 = Release|x64
		{37087674-AD98-4944-A17F-0412DF5B4CBB}.Release|x86.ActiveCfg = Release|Win32
		{37087674-AD98-4944-A17F-0412DF5B4CBB}.Release|x86.Build.0 = Release|Win32
		{F4CBEE49-874C-45D4-888C-7AC75538C3F8}.Debug|x64.ActiveCfg = Debug|x64
		{F4CBEE49-874C-45D4-888C-7AC75538C3F8}.Debug|x64.Build.0 = Debug|x64
		{F4CBEE49-874C-45D4-888C-7AC75538C3F8}.Debug|x86.ActiveCfg = Debug|Win32
		{F4CBEE49-874C-45D4-888C-7AC75538C3F8}.Debug|x86.Build.0 = Debug|Win32
		{F4CBEE49-874C-45D4-888C-7AC75538C3F8}.Release|x64.ActiveCfg = Release|x64
		{F4CBEE49-874C-45D4-888C-7AC75538C3F8}.Release|x64.Build.0 = Release|x64
		{F4CBEE49-874C-45D4-888C-7AC75538C3F8}.Release|x86.ActiveCfg = Release|Win32
		{F4CBEE49-874C-45D4-888C-7AC75538C3F8}.Release|x86.Build.0 = Release|Win32
		{6E698366-439D-4F77-8F64-B29F1777780F}.Debug|x64.ActiveCfg = Debug|x64
		{6E698366-439D-4F77-8F64-B29F1777780F}.Debug|x64.Build.0 = Debug|x64
		{6E698366-439D-4F77-8F64-B29F1777780F}.Debug|x86.ActiveCfg = Debug|Win32
		{6E698366-439D-4F77-8F64-B29F1777780F}.Debug|x86.Build.0 = Debug|Win32
		{6E698366-439D-4F77-8F64-B29F1777780F}.Release|x64.ActiveCfg = Release|x64
		{6E698366-439D-4F77-8F64-B29F1777780F}.Release|x64.Build.0 = Release|x64
		{6E698366-439D-4F77-8F64-B29F1777780F}.Release|x86.ActiveCfg = Release|Win32
		{6E698366-439D-4F77-8F64-B29F1777780F}.Release|x86.Build.0 = Release|Win32
		{C25C3BA4-8CDF-4651-A4F1-F42C67A58F77}.Debug|x64.ActiveCfg = Debug|x64
		{C25C3BA4-8CDF-4651-A4F1-F42C67A58F77}.Debug|x64.Build.0 = Debug|x64
		{C25C3BA4-8CDF-4651-A4F1-F42C67A58F77}.Debug|x86.ActiveCfg = Debug|Win32
		{C25C3BA4-8CDF-4651-A4F1-F42C67A58F77}.Debug|x86.Build.0 = Debug|Win32
		{C25C3BA4-8CDF-4651-A4F1-F42C67A58F77}.Release|x64.ActiveCfg = Release|x64
		{C25C3BA4-8CDF-4651-A4F1-F42C67A58F77}.Release|x64.Build.0 = Release|x64
		{C25C3BA4-8CDF-4651-A4F1-F42C67A58F77}.Release|x86.ActiveCfg = Release|Win32
		{C25C3BA4-8CDF-4651-A4F1-F42C67A58F77}.Release|x86.Build.0 = Release|Win32
		{1DCC5B65-AE4D-42DA-8730-8A211C7D6649}.Debug|x64.ActiveCfg = Debug|x64
		{1DCC5B65-AE4D-42DA-8730-8A211C7D6649}.Debug|x64.Build.0 = Debug|x64
		{1DCC5B65-AE4D-42DA-8730-8A211C7D6649}.Debug|x86.ActiveCfg = Debug|Win32
		{1DCC5B65-AE4D-42DA-8730-8A211C7D6649}.Debug|x86.Build.0 = Debug|Win32
		{1DCC5B65-AE4D-42DA-8730-8A211C7D6649}.Release|x64.ActiveCfg = Release|x64
		{1DCC5B65-AE4D-42DA-8730-8A211C7D6649}.Release|x64.Build.0 = Release|x64
		{1DCC5B65-AE4D-42DA-8730-8A211C7D6649}.Release|x86.ActiveCfg = Release|Win32
		{1DCC5B65-AE4D-42DA-8730-8A211C7D6649}.Release|x86.Build.0 = Release|Win32
	EndGlobalSection
	GlobalSection(SolutionProperties) = preSolution
		HideSolutionNode = FALSE
	EndGlobalSection
	GlobalSection(NestedProjects) = preSolution
		{CD7A3780-1602-424C-86C2-7F9A66EC9F83} = {1DE18B74-2648-4665-8488-82E4C4735746}
		{B7E5667E-F34D-4F25-884D-1D2D13B140DB} = {1DE18B74-2648-4665-8488-82E4C4735746}
		{37087674-AD98-4944-A17F-0412DF5B4CBB} = {77B960D8-3942-4860-8F9B-CE74CC07B0D8}
		{F4CBEE49-874C-45D4-888C-7AC75538C3F8} = {77B960D8-3942-4860-8F9B-CE74CC07B0D8}
		{6E698366-439D-4F77-8F64-B29F1777780F} = {271CEFB8-67EB-4594-A645-742252DCA88E}
		{C25C3BA4-8CDF-4651-A4F1-F42C67A58F77} = {271CEFB8-67EB-4594-A645-742252DCA88E}
		{1DCC5B65-AE4D-42DA-8730-8A211C7D6649} = {271CEFB8-67EB-4594-A645-742252DCA88E}
	EndGlobalSection
	GlobalSection(ExtensibilityGlobals) = postSolution
		SolutionGuid = {705FD7E0-7014-44ED-9AD9-E7C48F0B5992}
	EndGlobalSection
EndGlobal
